// !$*UTF8*$!
{
	archiveVersion = 1;
	classes = {
	};
	objectVersion = 56;
	objects = {

/* Begin PBXBuildFile section */
		02094BEC2B25CE5000B4C121 /* WeatherModel.swift in Sources */ = {isa = PBXBuildFile; fileRef = 02094BEB2B25CE5000B4C121 /* WeatherModel.swift */; };
		02094BEF2B25D37300B4C121 /* WeatherNotificationService.swift in Sources */ = {isa = PBXBuildFile; fileRef = 02094BEE2B25D37300B4C121 /* WeatherNotificationService.swift */; };
		02094BF12B25FC5900B4C121 /* WeatherClosureService.swift in Sources */ = {isa = PBXBuildFile; fileRef = 02094BF02B25FC5900B4C121 /* WeatherClosureService.swift */; };
		021BC3232B24A1F600637497 /* AppDelegate.swift in Sources */ = {isa = PBXBuildFile; fileRef = 021BC3222B24A1F600637497 /* AppDelegate.swift */; };
		021BC3272B24A1F600637497 /* WeatherViewController.swift in Sources */ = {isa = PBXBuildFile; fileRef = 021BC3262B24A1F600637497 /* WeatherViewController.swift */; };
		021BC32C2B24A1F600637497 /* Assets.xcassets in Resources */ = {isa = PBXBuildFile; fileRef = 021BC32B2B24A1F600637497 /* Assets.xcassets */; };
		021BC32F2B24A1F600637497 /* LaunchScreen.storyboard in Resources */ = {isa = PBXBuildFile; fileRef = 021BC32D2B24A1F600637497 /* LaunchScreen.storyboard */; };
		E8BBCA9B2BE9AE1000A8838F /* WeatheryView.swift in Sources */ = {isa = PBXBuildFile; fileRef = E8BBCA9A2BE9AE1000A8838F /* WeatheryView.swift */; };
/* End PBXBuildFile section */

/* Begin PBXFileReference section */
		02094BEB2B25CE5000B4C121 /* WeatherModel.swift */ = {isa = PBXFileReference; lastKnownFileType = sourcecode.swift; path = WeatherModel.swift; sourceTree = "<group>"; };
		02094BEE2B25D37300B4C121 /* WeatherNotificationService.swift */ = {isa = PBXFileReference; lastKnownFileType = sourcecode.swift; path = WeatherNotificationService.swift; sourceTree = "<group>"; };
		02094BF02B25FC5900B4C121 /* WeatherClosureService.swift */ = {isa = PBXFileReference; lastKnownFileType = sourcecode.swift; path = WeatherClosureService.swift; sourceTree = "<group>"; };
		021BC31F2B24A1F500637497 /* Weathery.app */ = {isa = PBXFileReference; explicitFileType = wrapper.application; includeInIndex = 0; path = Weathery.app; sourceTree = BUILT_PRODUCTS_DIR; };
		021BC3222B24A1F600637497 /* AppDelegate.swift */ = {isa = PBXFileReference; lastKnownFileType = sourcecode.swift; path = AppDelegate.swift; sourceTree = "<group>"; };
		021BC3262B24A1F600637497 /* WeatherViewController.swift */ = {isa = PBXFileReference; lastKnownFileType = sourcecode.swift; path = WeatherViewController.swift; sourceTree = "<group>"; };
		021BC32B2B24A1F600637497 /* Assets.xcassets */ = {isa = PBXFileReference; lastKnownFileType = folder.assetcatalog; path = Assets.xcassets; sourceTree = "<group>"; };
		021BC32E2B24A1F600637497 /* Base */ = {isa = PBXFileReference; lastKnownFileType = file.storyboard; name = Base; path = Base.lproj/LaunchScreen.storyboard; sourceTree = "<group>"; };
		021BC3302B24A1F600637497 /* Info.plist */ = {isa = PBXFileReference; lastKnownFileType = text.plist.xml; path = Info.plist; sourceTree = "<group>"; };
		021BC3362B24B88000637497 /* README.md */ = {isa = PBXFileReference; lastKnownFileType = net.daringfireball.markdown; path = README.md; sourceTree = "<group>"; };
		E8BBCA9A2BE9AE1000A8838F /* WeatheryView.swift */ = {isa = PBXFileReference; lastKnownFileType = sourcecode.swift; path = WeatheryView.swift; sourceTree = "<group>"; };
/* End PBXFileReference section */

/* Begin PBXFrameworksBuildPhase section */
		021BC31C2B24A1F500637497 /* Frameworks */ = {
			isa = PBXFrameworksBuildPhase;
			buildActionMask = 2147483647;
			files = (
			);
			runOnlyForDeploymentPostprocessing = 0;
		};
/* End PBXFrameworksBuildPhase section */

/* Begin PBXGroup section */
		02094BE82B25CDF700B4C121 /* Files */ = {
			isa = PBXGroup;
			children = (
				021BC32B2B24A1F600637497 /* Assets.xcassets */,
				021BC32D2B24A1F600637497 /* LaunchScreen.storyboard */,
				021BC3302B24A1F600637497 /* Info.plist */,
			);
			name = Files;
			sourceTree = "<group>";
		};
		02094BE92B25CE0700B4C121 /* App */ = {
			isa = PBXGroup;
			children = (
				021BC3222B24A1F600637497 /* AppDelegate.swift */,
			);
			name = App;
			sourceTree = "<group>";
		};
		02094BEA2B25CE1000B4C121 /* Controllers */ = {
			isa = PBXGroup;
			children = (
				021BC3262B24A1F600637497 /* WeatherViewController.swift */,
				E8BBCA9A2BE9AE1000A8838F /* WeatheryView.swift */,
			);
			name = Controllers;
			sourceTree = "<group>";
		};
		02094BED2B25CE5700B4C121 /* Models */ = {
			isa = PBXGroup;
			children = (
				02094BEB2B25CE5000B4C121 /* WeatherModel.swift */,
			);
			name = Models;
			sourceTree = "<group>";
		};
		02094BF22B25FEBE00B4C121 /* Services */ = {
			isa = PBXGroup;
			children = (
				02094BEE2B25D37300B4C121 /* WeatherNotificationService.swift */,
				02094BF02B25FC5900B4C121 /* WeatherClosureService.swift */,
			);
			name = Services;
			sourceTree = "<group>";
		};
		021BC3162B24A1F500637497 = {
			isa = PBXGroup;
			children = (
				021BC3362B24B88000637497 /* README.md */,
				021BC3212B24A1F500637497 /* Weathery */,
				021BC3202B24A1F500637497 /* Products */,
			);
			sourceTree = "<group>";
		};
		021BC3202B24A1F500637497 /* Products */ = {
			isa = PBXGroup;
			children = (
				021BC31F2B24A1F500637497 /* Weathery.app */,
			);
			name = Products;
			sourceTree = "<group>";
		};
		021BC3212B24A1F500637497 /* Weathery */ = {
			isa = PBXGroup;
			children = (
				02094BF22B25FEBE00B4C121 /* Services */,
				02094BE92B25CE0700B4C121 /* App */,
				02094BED2B25CE5700B4C121 /* Models */,
				02094BEA2B25CE1000B4C121 /* Controllers */,
				02094BE82B25CDF700B4C121 /* Files */,
			);
			path = Weathery;
			sourceTree = "<group>";
		};
/* End PBXGroup section */

/* Begin PBXNativeTarget section */
		021BC31E2B24A1F500637497 /* Weathery */ = {
			isa = PBXNativeTarget;
			buildConfigurationList = 021BC3332B24A1F600637497 /* Build configuration list for PBXNativeTarget "Weathery" */;
			buildPhases = (
				021BC31B2B24A1F500637497 /* Sources */,
				021BC31C2B24A1F500637497 /* Frameworks */,
				021BC31D2B24A1F500637497 /* Resources */,
			);
			buildRules = (
			);
			dependencies = (
			);
			name = Weathery;
			productName = Weathery;
			productReference = 021BC31F2B24A1F500637497 /* Weathery.app */;
			productType = "com.apple.product-type.application";
		};
/* End PBXNativeTarget section */

/* Begin PBXProject section */
		021BC3172B24A1F500637497 /* Project object */ = {
			isa = PBXProject;
			attributes = {
				BuildIndependentTargetsInParallel = 1;
				LastSwiftUpdateCheck = 1500;
				LastUpgradeCheck = 1500;
				TargetAttributes = {
					021BC31E2B24A1F500637497 = {
						CreatedOnToolsVersion = 15.0.1;
					};
				};
			};
			buildConfigurationList = 021BC31A2B24A1F500637497 /* Build configuration list for PBXProject "Weathery" */;
			compatibilityVersion = "Xcode 14.0";
			developmentRegion = en;
			hasScannedForEncodings = 0;
			knownRegions = (
				en,
				Base,
			);
			mainGroup = 021BC3162B24A1F500637497;
			productRefGroup = 021BC3202B24A1F500637497 /* Products */;
			projectDirPath = "";
			projectRoot = "";
			targets = (
				021BC31E2B24A1F500637497 /* Weathery */,
			);
		};
/* End PBXProject section */

/* Begin PBXResourcesBuildPhase section */
		021BC31D2B24A1F500637497 /* Resources */ = {
			isa = PBXResourcesBuildPhase;
			buildActionMask = 2147483647;
			files = (
				021BC32F2B24A1F600637497 /* LaunchScreen.storyboard in Resources */,
				021BC32C2B24A1F600637497 /* Assets.xcassets in Resources */,
			);
			runOnlyForDeploymentPostprocessing = 0;
		};
/* End PBXResourcesBuildPhase section */

/* Begin PBXSourcesBuildPhase section */
		021BC31B2B24A1F500637497 /* Sources */ = {
			isa = PBXSourcesBuildPhase;
			buildActionMask = 2147483647;
			files = (
				021BC3272B24A1F600637497 /* WeatherViewController.swift in Sources */,
				02094BF12B25FC5900B4C121 /* WeatherClosureService.swift in Sources */,
				02094BEC2B25CE5000B4C121 /* WeatherModel.swift in Sources */,
				02094BEF2B25D37300B4C121 /* WeatherNotificationService.swift in Sources */,
				021BC3232B24A1F600637497 /* AppDelegate.swift in Sources */,
				E8BBCA9B2BE9AE1000A8838F /* WeatheryView.swift in Sources */,
			);
			runOnlyForDeploymentPostprocessing = 0;
		};
/* End PBXSourcesBuildPhase section */

/* Begin PBXVariantGroup section */
		021BC32D2B24A1F600637497 /* LaunchScreen.storyboard */ = {
			isa = PBXVariantGroup;
			children = (
				021BC32E2B24A1F600637497 /* Base */,
			);
			name = LaunchScreen.storyboard;
			sourceTree = "<group>";
		};
/* End PBXVariantGroup section */

/* Begin XCBuildConfiguration section */
		021BC3312B24A1F600637497 /* Debug */ = {
			isa = XCBuildConfiguration;
			buildSettings = {
				ALWAYS_SEARCH_USER_PATHS = NO;
				ASSETCATALOG_COMPILER_GENERATE_SWIFT_ASSET_SYMBOL_EXTENSIONS = YES;
				CLANG_ANALYZER_NONNULL = YES;
				CLANG_ANALYZER_NUMBER_OBJECT_CONVERSION = YES_AGGRESSIVE;
				CLANG_CXX_LANGUAGE_STANDARD = "gnu++20";
				CLANG_ENABLE_MODULES = YES;
				CLANG_ENABLE_OBJC_ARC = YES;
				CLANG_ENABLE_OBJC_WEAK = YES;
				CLANG_WARN_BLOCK_CAPTURE_AUTORELEASING = YES;
				CLANG_WARN_BOOL_CONVERSION = YES;
				CLANG_WARN_COMMA = YES;
				CLANG_WARN_CONSTANT_CONVERSION = YES;
				CLANG_WARN_DEPRECATED_OBJC_IMPLEMENTATIONS = YES;
				CLANG_WARN_DIRECT_OBJC_ISA_USAGE = YES_ERROR;
				CLANG_WARN_DOCUMENTATION_COMMENTS = YES;
				CLANG_WARN_EMPTY_BODY = YES;
				CLANG_WARN_ENUM_CONVERSION = YES;
				CLANG_WARN_INFINITE_RECURSION = YES;
				CLANG_WARN_INT_CONVERSION = YES;
				CLANG_WARN_NON_LITERAL_NULL_CONVERSION = YES;
				CLANG_WARN_OBJC_IMPLICIT_RETAIN_SELF = YES;
				CLANG_WARN_OBJC_LITERAL_CONVERSION = YES;
				CLANG_WARN_OBJC_ROOT_CLASS = YES_ERROR;
				CLANG_WARN_QUOTED_INCLUDE_IN_FRAMEWORK_HEADER = YES;
				CLANG_WARN_RANGE_LOOP_ANALYSIS = YES;
				CLANG_WARN_STRICT_PROTOTYPES = YES;
				CLANG_WARN_SUSPICIOUS_MOVE = YES;
				CLANG_WARN_UNGUARDED_AVAILABILITY = YES_AGGRESSIVE;
				CLANG_WARN_UNREACHABLE_CODE = YES;
				CLANG_WARN__DUPLICATE_METHOD_MATCH = YES;
				COPY_PHASE_STRIP = NO;
				DEBUG_INFORMATION_FORMAT = dwarf;
				ENABLE_STRICT_OBJC_MSGSEND = YES;
				ENABLE_TESTABILITY = YES;
				ENABLE_USER_SCRIPT_SANDBOXING = YES;
				GCC_C_LANGUAGE_STANDARD = gnu17;
				GCC_DYNAMIC_NO_PIC = NO;
				GCC_NO_COMMON_BLOCKS = YES;
				GCC_OPTIMIZATION_LEVEL = 0;
				GCC_PREPROCESSOR_DEFINITIONS = (
					"DEBUG=1",
					"$(inherited)",
				);
				GCC_WARN_64_TO_32_BIT_CONVERSION = YES;
				GCC_WARN_ABOUT_RETURN_TYPE = YES_ERROR;
				GCC_WARN_UNDECLARED_SELECTOR = YES;
				GCC_WARN_UNINITIALIZED_AUTOS = YES_AGGRESSIVE;
				GCC_WARN_UNUSED_FUNCTION = YES;
				GCC_WARN_UNUSED_VARIABLE = YES;
				IPHONEOS_DEPLOYMENT_TARGET = 17.0;
				LOCALIZATION_PREFERS_STRING_CATALOGS = YES;
				MTL_ENABLE_DEBUG_INFO = INCLUDE_SOURCE;
				MTL_FAST_MATH = YES;
				ONLY_ACTIVE_ARCH = YES;
				SDKROOT = iphoneos;
				SWIFT_ACTIVE_COMPILATION_CONDITIONS = "DEBUG $(inherited)";
				SWIFT_OPTIMIZATION_LEVEL = "-Onone";
			};
			name = Debug;
		};
		021BC3322B24A1F600637497 /* Release */ = {
			isa = XCBuildConfiguration;
			buildSettings = {
				ALWAYS_SEARCH_USER_PATHS = NO;
				ASSETCATALOG_COMPILER_GENERATE_SWIFT_ASSET_SYMBOL_EXTENSIONS = YES;
				CLANG_ANALYZER_NONNULL = YES;
				CLANG_ANALYZER_NUMBER_OBJECT_CONVERSION = YES_AGGRESSIVE;
				CLANG_CXX_LANGUAGE_STANDARD = "gnu++20";
				CLANG_ENABLE_MODULES = YES;
				CLANG_ENABLE_OBJC_ARC = YES;
				CLANG_ENABLE_OBJC_WEAK = YES;
				CLANG_WARN_BLOCK_CAPTURE_AUTORELEASING = YES;
				CLANG_WARN_BOOL_CONVERSION = YES;
				CLANG_WARN_COMMA = YES;
				CLANG_WARN_CONSTANT_CONVERSION = YES;
				CLANG_WARN_DEPRECATED_OBJC_IMPLEMENTATIONS = YES;
				CLANG_WARN_DIRECT_OBJC_ISA_USAGE = YES_ERROR;
				CLANG_WARN_DOCUMENTATION_COMMENTS = YES;
				CLANG_WARN_EMPTY_BODY = YES;
				CLANG_WARN_ENUM_CONVERSION = YES;
				CLANG_WARN_INFINITE_RECURSION = YES;
				CLANG_WARN_INT_CONVERSION = YES;
				CLANG_WARN_NON_LITERAL_NULL_CONVERSION = YES;
				CLANG_WARN_OBJC_IMPLICIT_RETAIN_SELF = YES;
				CLANG_WARN_OBJC_LITERAL_CONVERSION = YES;
				CLANG_WARN_OBJC_ROOT_CLASS = YES_ERROR;
				CLANG_WARN_QUOTED_INCLUDE_IN_FRAMEWORK_HEADER = YES;
				CLANG_WARN_RANGE_LOOP_ANALYSIS = YES;
				CLANG_WARN_STRICT_PROTOTYPES = YES;
				CLANG_WARN_SUSPICIOUS_MOVE = YES;
				CLANG_WARN_UNGUARDED_AVAILABILITY = YES_AGGRESSIVE;
				CLANG_WARN_UNREACHABLE_CODE = YES;
				CLANG_WARN__DUPLICATE_METHOD_MATCH = YES;
				COPY_PHASE_STRIP = NO;
				DEBUG_INFORMATION_FORMAT = "dwarf-with-dsym";
				ENABLE_NS_ASSERTIONS = NO;
				ENABLE_STRICT_OBJC_MSGSEND = YES;
				ENABLE_USER_SCRIPT_SANDBOXING = YES;
				GCC_C_LANGUAGE_STANDARD = gnu17;
				GCC_NO_COMMON_BLOCKS = YES;
				GCC_WARN_64_TO_32_BIT_CONVERSION = YES;
				GCC_WARN_ABOUT_RETURN_TYPE = YES_ERROR;
				GCC_WARN_UNDECLARED_SELECTOR = YES;
				GCC_WARN_UNINITIALIZED_AUTOS = YES_AGGRESSIVE;
				GCC_WARN_UNUSED_FUNCTION = YES;
				GCC_WARN_UNUSED_VARIABLE = YES;
				IPHONEOS_DEPLOYMENT_TARGET = 17.0;
				LOCALIZATION_PREFERS_STRING_CATALOGS = YES;
				MTL_ENABLE_DEBUG_INFO = NO;
				MTL_FAST_MATH = YES;
				SDKROOT = iphoneos;
				SWIFT_COMPILATION_MODE = wholemodule;
				VALIDATE_PRODUCT = YES;
			};
			name = Release;
		};
		021BC3342B24A1F600637497 /* Debug */ = {
			isa = XCBuildConfiguration;
			buildSettings = {
				ASSETCATALOG_COMPILER_APPICON_NAME = AppIcon;
				ASSETCATALOG_COMPILER_GLOBAL_ACCENT_COLOR_NAME = AccentColor;
				CODE_SIGN_STYLE = Automatic;
				CURRENT_PROJECT_VERSION = 1;
				DEVELOPMENT_TEAM = 723HTEFHBA;
				GENERATE_INFOPLIST_FILE = YES;
				INFOPLIST_FILE = Weathery/Info.plist;
				INFOPLIST_KEY_UIApplicationSupportsIndirectInputEvents = YES;
				INFOPLIST_KEY_UILaunchStoryboardName = LaunchScreen;
				INFOPLIST_KEY_UISupportedInterfaceOrientations = UIInterfaceOrientationPortrait;
				INFOPLIST_KEY_UISupportedInterfaceOrientations_iPad = "UIInterfaceOrientationLandscapeLeft UIInterfaceOrientationLandscapeRight UIInterfaceOrientationPortrait UIInterfaceOrientationPortraitUpsideDown";
				LD_RUNPATH_SEARCH_PATHS = (
					"$(inherited)",
					"@executable_path/Frameworks",
				);
				MARKETING_VERSION = 0.1.1;
				PRODUCT_BUNDLE_IDENTIFIER = ru.fibeapp.Weathery;
				PRODUCT_NAME = "$(TARGET_NAME)";
				SWIFT_EMIT_LOC_STRINGS = YES;
				SWIFT_VERSION = 5.0;
				TARGETED_DEVICE_FAMILY = "1,2";
			};
			name = Debug;
		};
		021BC3352B24A1F600637497 /* Release */ = {
			isa = XCBuildConfiguration;
			buildSettings = {
				ASSETCATALOG_COMPILER_APPICON_NAME = AppIcon;
				ASSETCATALOG_COMPILER_GLOBAL_ACCENT_COLOR_NAME = AccentColor;
				CODE_SIGN_STYLE = Automatic;
				CURRENT_PROJECT_VERSION = 1;
				DEVELOPMENT_TEAM = 723HTEFHBA;
				GENERATE_INFOPLIST_FILE = YES;
				INFOPLIST_FILE = Weathery/Info.plist;
				INFOPLIST_KEY_UIApplicationSupportsIndirectInputEvents = YES;
				INFOPLIST_KEY_UILaunchStoryboardName = LaunchScreen;
				INFOPLIST_KEY_UISupportedInterfaceOrientations = UIInterfaceOrientationPortrait;
				INFOPLIST_KEY_UISupportedInterfaceOrientations_iPad = "UIInterfaceOrientationLandscapeLeft UIInterfaceOrientationLandscapeRight UIInterfaceOrientationPortrait UIInterfaceOrientationPortraitUpsideDown";
				LD_RUNPATH_SEARCH_PATHS = (
					"$(inherited)",
					"@executable_path/Frameworks",
				);
				MARKETING_VERSION = 0.1.1;
				PRODUCT_BUNDLE_IDENTIFIER = ru.fibeapp.Weathery;
				PRODUCT_NAME = "$(TARGET_NAME)";
				SWIFT_EMIT_LOC_STRINGS = YES;
				SWIFT_VERSION = 5.0;
				TARGETED_DEVICE_FAMILY = "1,2";
			};
			name = Release;
		};
/* End XCBuildConfiguration section */

/* Begin XCConfigurationList section */
		021BC31A2B24A1F500637497 /* Build configuration list for PBXProject "Weathery" */ = {
			isa = XCConfigurationList;
			buildConfigurations = (
				021BC3312B24A1F600637497 /* Debug */,
				021BC3322B24A1F600637497 /* Release */,
			);
			defaultConfigurationIsVisible = 0;
			defaultConfigurationName = Release;
		};
		021BC3332B24A1F600637497 /* Build configuration list for PBXNativeTarget "Weathery" */ = {
			isa = XCConfigurationList;
			buildConfigurations = (
				021BC3342B24A1F600637497 /* Debug */,
				021BC3352B24A1F600637497 /* Release */,
			);
			defaultConfigurationIsVisible = 0;
			defaultConfigurationName = Release;
		};
/* End XCConfigurationList section */
	};
	rootObject = 021BC3172B24A1F500637497 /* Project object */;
}
